// !$*UTF8*$!
{
	archiveVersion = 1;
	classes = {
	};
	objectVersion = 50;
	objects = {

/* Begin PBXBuildFile section */
		701361B0207B26390040095B /* AppDelegate.swift in Sources */ = {isa = PBXBuildFile; fileRef = 701361AF207B26390040095B /* AppDelegate.swift */; };
		701361B2207B26390040095B /* ViewController.swift in Sources */ = {isa = PBXBuildFile; fileRef = 701361B1207B26390040095B /* ViewController.swift */; };
		701361B5207B26390040095B /* Main.storyboard in Resources */ = {isa = PBXBuildFile; fileRef = 701361B3207B26390040095B /* Main.storyboard */; };
		701361B7207B263A0040095B /* Assets.xcassets in Resources */ = {isa = PBXBuildFile; fileRef = 701361B6207B263A0040095B /* Assets.xcassets */; };
		701361BA207B263A0040095B /* LaunchScreen.storyboard in Resources */ = {isa = PBXBuildFile; fileRef = 701361B8207B263A0040095B /* LaunchScreen.storyboard */; };
		701361C3207B27CF0040095B /* SwitchStatus.swift in Sources */ = {isa = PBXBuildFile; fileRef = 701361C2207B27CF0040095B /* SwitchStatus.swift */; };
		701361C6207B27F90040095B /* Togglable.swift in Sources */ = {isa = PBXBuildFile; fileRef = 701361C5207B27F90040095B /* Togglable.swift */; };
/* End PBXBuildFile section */

/* Begin PBXFileReference section */
		701361AC207B26390040095B /* Flashlight.app */ = {isa = PBXFileReference; explicitFileType = wrapper.application; includeInIndex = 0; path = Flashlight.app; sourceTree = BUILT_PRODUCTS_DIR; };
		701361AF207B26390040095B /* AppDelegate.swift */ = {isa = PBXFileReference; lastKnownFileType = sourcecode.swift; path = AppDelegate.swift; sourceTree = "<group>"; };
		701361B1207B26390040095B /* ViewController.swift */ = {isa = PBXFileReference; lastKnownFileType = sourcecode.swift; path = ViewController.swift; sourceTree = "<group>"; };
		701361B4207B26390040095B /* Base */ = {isa = PBXFileReference; lastKnownFileType = file.storyboard; name = Base; path = Base.lproj/Main.storyboard; sourceTree = "<group>"; };
		701361B6207B263A0040095B /* Assets.xcassets */ = {isa = PBXFileReference; lastKnownFileType = folder.assetcatalog; path = Assets.xcassets; sourceTree = "<group>"; };
		701361B9207B263A0040095B /* Base */ = {isa = PBXFileReference; lastKnownFileType = file.storyboard; name = Base; path = Base.lproj/LaunchScreen.storyboard; sourceTree = "<group>"; };
		701361BB207B263A0040095B /* Info.plist */ = {isa = PBXFileReference; lastKnownFileType = text.plist.xml; path = Info.plist; sourceTree = "<group>"; };
		701361C2207B27CF0040095B /* SwitchStatus.swift */ = {isa = PBXFileReference; lastKnownFileType = sourcecode.swift; path = SwitchStatus.swift; sourceTree = "<group>"; };
		701361C5207B27F90040095B /* Togglable.swift */ = {isa = PBXFileReference; lastKnownFileType = sourcecode.swift; path = Togglable.swift; sourceTree = "<group>"; };
/* End PBXFileReference section */

/* Begin PBXFrameworksBuildPhase section */
		701361A9207B26390040095B /* Frameworks */ = {
			isa = PBXFrameworksBuildPhase;
			buildActionMask = 2147483647;
			files = (
			);
			runOnlyForDeploymentPostprocessing = 0;
		};
/* End PBXFrameworksBuildPhase section */

/* Begin PBXGroup section */
		701361A3207B26390040095B = {
			isa = PBXGroup;
			children = (
				701361AE207B26390040095B /* Flashlight */,
				701361AD207B26390040095B /* Products */,
			);
			sourceTree = "<group>";
		};
		701361AD207B26390040095B /* Products */ = {
			isa = PBXGroup;
			children = (
				701361AC207B26390040095B /* Flashlight.app */,
			);
			name = Products;
			sourceTree = "<group>";
		};
		701361AE207B26390040095B /* Flashlight */ = {
			isa = PBXGroup;
			children = (
				701361C4207B27E80040095B /* Protocols */,
				701361C1207B27B40040095B /* Enums */,
				701361AF207B26390040095B /* AppDelegate.swift */,
				701361B1207B26390040095B /* ViewController.swift */,
				701361B3207B26390040095B /* Main.storyboard */,
				701361B6207B263A0040095B /* Assets.xcassets */,
				701361B8207B263A0040095B /* LaunchScreen.storyboard */,
				701361BB207B263A0040095B /* Info.plist */,
			);
			path = Flashlight;
			sourceTree = "<group>";
		};
		701361C1207B27B40040095B /* Enums */ = {
			isa = PBXGroup;
			children = (
				701361C2207B27CF0040095B /* SwitchStatus.swift */,
			);
			path = Enums;
			sourceTree = "<group>";
		};
		701361C4207B27E80040095B /* Protocols */ = {
			isa = PBXGroup;
			children = (
				701361C5207B27F90040095B /* Togglable.swift */,
			);
			path = Protocols;
			sourceTree = "<group>";
		};
/* End PBXGroup section */

/* Begin PBXNativeTarget section */
		701361AB207B26390040095B /* Flashlight */ = {
			isa = PBXNativeTarget;
			buildConfigurationList = 701361BE207B263A0040095B /* Build configuration list for PBXNativeTarget "Flashlight" */;
			buildPhases = (
				701361A8207B26390040095B /* Sources */,
				701361A9207B26390040095B /* Frameworks */,
				701361AA207B26390040095B /* Resources */,
			);
			buildRules = (
			);
			dependencies = (
			);
			name = Flashlight;
			productName = Flashlight;
			productReference = 701361AC207B26390040095B /* Flashlight.app */;
			productType = "com.apple.product-type.application";
		};
/* End PBXNativeTarget section */

/* Begin PBXProject section */
		701361A4207B26390040095B /* Project object */ = {
			isa = PBXProject;
			attributes = {
				LastSwiftUpdateCheck = 0930;
				LastUpgradeCheck = 0930;
				ORGANIZATIONNAME = "Anderson de Oliveira";
				TargetAttributes = {
					701361AB207B26390040095B = {
						CreatedOnToolsVersion = 9.3;
					};
				};
			};
			buildConfigurationList = 701361A7207B26390040095B /* Build configuration list for PBXProject "Flashlight" */;
			compatibilityVersion = "Xcode 9.3";
			developmentRegion = en;
			hasScannedForEncodings = 0;
			knownRegions = (
				en,
				Base,
			);
			mainGroup = 701361A3207B26390040095B;
			productRefGroup = 701361AD207B26390040095B /* Products */;
			projectDirPath = "";
			projectRoot = "";
			targets = (
				701361AB207B26390040095B /* Flashlight */,
			);
		};
/* End PBXProject section */

/* Begin PBXResourcesBuildPhase section */
		701361AA207B26390040095B /* Resources */ = {
			isa = PBXResourcesBuildPhase;
			buildActionMask = 2147483647;
			files = (
				701361BA207B263A0040095B /* LaunchScreen.storyboard in Resources */,
				701361B7207B263A0040095B /* Assets.xcassets in Resources */,
				701361B5207B26390040095B /* Main.storyboard in Resources */,
			);
			runOnlyForDeploymentPostprocessing = 0;
		};
/* End PBXResourcesBuildPhase section */

/* Begin PBXSourcesBuildPhase section */
		701361A8207B26390040095B /* Sources */ = {
			isa = PBXSourcesBuildPhase;
			buildActionMask = 2147483647;
			files = (
				701361B2207B26390040095B /* ViewController.swift in Sources */,
				701361B0207B26390040095B /* AppDelegate.swift in Sources */,
				701361C3207B27CF0040095B /* SwitchStatus.swift in Sources */,
				701361C6207B27F90040095B /* Togglable.swift in Sources */,
			);
			runOnlyForDeploymentPostprocessing = 0;
		};
/* End PBXSourcesBuildPhase section */

/* Begin PBXVariantGroup section */
		701361B3207B26390040095B /* Main.storyboard */ = {
			isa = PBXVariantGroup;
			children = (
				701361B4207B26390040095B /* Base */,
			);
			name = Main.storyboard;
			sourceTree = "<group>";
		};
		701361B8207B263A0040095B /* LaunchScreen.storyboard */ = {
			isa = PBXVariantGroup;
			children = (
				701361B9207B263A0040095B /* Base */,
			);
			name = LaunchScreen.storyboard;
			sourceTree = "<group>";
		};
/* End PBXVariantGroup section */

/* Begin XCBuildConfiguration section */
		701361BC207B263A0040095B /* Debug */ = {
			isa = XCBuildConfiguration;
			buildSettings = {
				ALWAYS_SEARCH_USER_PATHS = NO;
				CLANG_ANALYZER_NONNULL = YES;
				CLANG_ANALYZER_NUMBER_OBJECT_CONVERSION = YES_AGGRESSIVE;
				CLANG_CXX_LANGUAGE_STANDARD = "gnu++14";
				CLANG_CXX_LIBRARY = "libc++";
				CLANG_ENABLE_MODULES = YES;
				CLANG_ENABLE_OBJC_ARC = YES;
				CLANG_ENABLE_OBJC_WEAK = YES;
				CLANG_WARN_BLOCK_CAPTURE_AUTORELEASING = YES;
				CLANG_WARN_BOOL_CONVERSION = YES;
				CLANG_WARN_COMMA = YES;
				CLANG_WARN_CONSTANT_CONVERSION = YES;
				CLANG_WARN_DEPRECATED_OBJC_IMPLEMENTATIONS = YES;
				CLANG_WARN_DIRECT_OBJC_ISA_USAGE = YES_ERROR;
				CLANG_WARN_DOCUMENTATION_COMMENTS = YES;
				CLANG_WARN_EMPTY_BODY = YES;
				CLANG_WARN_ENUM_CONVERSION = YES;
				CLANG_WARN_INFINITE_RECURSION = YES;
				CLANG_WARN_INT_CONVERSION = YES;
				CLANG_WARN_NON_LITERAL_NULL_CONVERSION = YES;
				CLANG_WARN_OBJC_IMPLICIT_RETAIN_SELF = YES;
				CLANG_WARN_OBJC_LITERAL_CONVERSION = YES;
				CLANG_WARN_OBJC_ROOT_CLASS = YES_ERROR;
				CLANG_WARN_RANGE_LOOP_ANALYSIS = YES;
				CLANG_WARN_STRICT_PROTOTYPES = YES;
				CLANG_WARN_SUSPICIOUS_MOVE = YES;
				CLANG_WARN_UNGUARDED_AVAILABILITY = YES_AGGRESSIVE;
				CLANG_WARN_UNREACHABLE_CODE = YES;
				CLANG_WARN__DUPLICATE_METHOD_MATCH = YES;
				CODE_SIGN_IDENTITY = "iPhone Developer";
				COPY_PHASE_STRIP = NO;
				DEBUG_INFORMATION_FORMAT = dwarf;
				ENABLE_STRICT_OBJC_MSGSEND = YES;
				ENABLE_TESTABILITY = YES;
				GCC_C_LANGUAGE_STANDARD = gnu11;
				GCC_DYNAMIC_NO_PIC = NO;
				GCC_NO_COMMON_BLOCKS = YES;
				GCC_OPTIMIZATION_LEVEL = 0;
				GCC_PREPROCESSOR_DEFINITIONS = (
					"DEBUG=1",
					"$(inherited)",
				);
				GCC_WARN_64_TO_32_BIT_CONVERSION = YES;
				GCC_WARN_ABOUT_RETURN_TYPE = YES_ERROR;
				GCC_WARN_UNDECLARED_SELECTOR = YES;
				GCC_WARN_UNINITIALIZED_AUTOS = YES_AGGRESSIVE;
				GCC_WARN_UNUSED_FUNCTION = YES;
				GCC_WARN_UNUSED_VARIABLE = YES;
				IPHONEOS_DEPLOYMENT_TARGET = 11.3;
				MTL_ENABLE_DEBUG_INFO = YES;
				ONLY_ACTIVE_ARCH = YES;
				SDKROOT = iphoneos;
				SWIFT_ACTIVE_COMPILATION_CONDITIONS = DEBUG;
				SWIFT_OPTIMIZATION_LEVEL = "-Onone";
			};
			name = Debug;
		};
		701361BD207B263A0040095B /* Release */ = {
			isa = XCBuildConfiguration;
			buildSettings = {
				ALWAYS_SEARCH_USER_PATHS = NO;
				CLANG_ANALYZER_NONNULL = YES;
				CLANG_ANALYZER_NUMBER_OBJECT_CONVERSION = YES_AGGRESSIVE;
				CLANG_CXX_LANGUAGE_STANDARD = "gnu++14";
				CLANG_CXX_LIBRARY = "libc++";
				CLANG_ENABLE_MODULES = YES;
				CLANG_ENABLE_OBJC_ARC = YES;
				CLANG_ENABLE_OBJC_WEAK = YES;
				CLANG_WARN_BLOCK_CAPTURE_AUTORELEASING = YES;
				CLANG_WARN_BOOL_CONVERSION = YES;
				CLANG_WARN_COMMA = YES;
				CLANG_WARN_CONSTANT_CONVERSION = YES;
				CLANG_WARN_DEPRECATED_OBJC_IMPLEMENTATIONS = YES;
				CLANG_WARN_DIRECT_OBJC_ISA_USAGE = YES_ERROR;
				CLANG_WARN_DOCUMENTATION_COMMENTS = YES;
				CLANG_WARN_EMPTY_BODY = YES;
				CLANG_WARN_ENUM_CONVERSION = YES;
				CLANG_WARN_INFINITE_RECURSION = YES;
				CLANG_WARN_INT_CONVERSION = YES;
				CLANG_WARN_NON_LITERAL_NULL_CONVERSION = YES;
				CLANG_WARN_OBJC_IMPLICIT_RETAIN_SELF = YES;
				CLANG_WARN_OBJC_LITERAL_CONVERSION = YES;
				CLANG_WARN_OBJC_ROOT_CLASS = YES_ERROR;
				CLANG_WARN_RANGE_LOOP_ANALYSIS = YES;
				CLANG_WARN_STRICT_PROTOTYPES = YES;
				CLANG_WARN_SUSPICIOUS_MOVE = YES;
				CLANG_WARN_UNGUARDED_AVAILABILITY = YES_AGGRESSIVE;
				CLANG_WARN_UNREACHABLE_CODE = YES;
				CLANG_WARN__DUPLICATE_METHOD_MATCH = YES;
				CODE_SIGN_IDENTITY = "iPhone Developer";
				COPY_PHASE_STRIP = NO;
				DEBUG_INFORMATION_FORMAT = "dwarf-with-dsym";
				ENABLE_NS_ASSERTIONS = NO;
				ENABLE_STRICT_OBJC_MSGSEND = YES;
				GCC_C_LANGUAGE_STANDARD = gnu11;
				GCC_NO_COMMON_BLOCKS = YES;
				GCC_WARN_64_TO_32_BIT_CONVERSION = YES;
				GCC_WARN_ABOUT_RETURN_TYPE = YES_ERROR;
				GCC_WARN_UNDECLARED_SELECTOR = YES;
				GCC_WARN_UNINITIALIZED_AUTOS = YES_AGGRESSIVE;
				GCC_WARN_UNUSED_FUNCTION = YES;
				GCC_WARN_UNUSED_VARIABLE = YES;
				IPHONEOS_DEPLOYMENT_TARGET = 11.3;
				MTL_ENABLE_DEBUG_INFO = NO;
				SDKROOT = iphoneos;
				SWIFT_COMPILATION_MODE = wholemodule;
				SWIFT_OPTIMIZATION_LEVEL = "-O";
				VALIDATE_PRODUCT = YES;
			};
			name = Release;
		};
		701361BF207B263A0040095B /* Debug */ = {
			isa = XCBuildConfiguration;
			buildSettings = {
				ASSETCATALOG_COMPILER_APPICON_NAME = AppIcon;
				CODE_SIGN_STYLE = Automatic;
				DEVELOPMENT_TEAM = 46FXKF7J59;
				INFOPLIST_FILE = Flashlight/Info.plist;
				LD_RUNPATH_SEARCH_PATHS = (
					"$(inherited)",
					"@executable_path/Frameworks",
				);
				PRODUCT_BUNDLE_IDENTIFIER = com.andersonba.Flashlight;
				PRODUCT_NAME = "$(TARGET_NAME)";
				SWIFT_VERSION = 4.0;
				TARGETED_DEVICE_FAMILY = "1,2";
			};
			name = Debug;
		};
		701361C0207B263A0040095B /* Release */ = {
			isa = XCBuildConfiguration;
			buildSettings = {
				ASSETCATALOG_COMPILER_APPICON_NAME = AppIcon;
				CODE_SIGN_STYLE = Automatic;
				DEVELOPMENT_TEAM = 46FXKF7J59;
				INFOPLIST_FILE = Flashlight/Info.plist;
				LD_RUNPATH_SEARCH_PATHS = (
					"$(inherited)",
					"@executable_path/Frameworks",
				);
				PRODUCT_BUNDLE_IDENTIFIER = com.andersonba.Flashlight;
				PRODUCT_NAME = "$(TARGET_NAME)";
				SWIFT_VERSION = 4.0;
				TARGETED_DEVICE_FAMILY = "1,2";
			};
			name = Release;
		};
/* End XCBuildConfiguration section */

/* Begin XCConfigurationList section */
		701361A7207B26390040095B /* Build configuration list for PBXProject "Flashlight" */ = {
			isa = XCConfigurationList;
			buildConfigurations = (
				701361BC207B263A0040095B /* Debug */,
				701361BD207B263A0040095B /* Release */,
			);
			defaultConfigurationIsVisible = 0;
			defaultConfigurationName = Release;
		};
		701361BE207B263A0040095B /* Build configuration list for PBXNativeTarget "Flashlight" */ = {
			isa = XCConfigurationList;
			buildConfigurations = (
				701361BF207B263A0040095B /* Debug */,
				701361C0207B263A0040095B /* Release */,
			);
			defaultConfigurationIsVisible = 0;
			defaultConfigurationName = Release;
		};
/* End XCConfigurationList section */
	};
	rootObject = 701361A4207B26390040095B /* Project object */;
}
