// !$*UTF8*$!
{
	archiveVersion = 1;
	classes = {
	};
	objectVersion = 50;
	objects = {

/* Begin PBXBuildFile section */
		706E4AEE2079442B0041CC71 /* AppDelegate.swift in Sources */ = {isa = PBXBuildFile; fileRef = 706E4AED2079442B0041CC71 /* AppDelegate.swift */; };
		706E4AF02079442B0041CC71 /* ViewController.swift in Sources */ = {isa = PBXBuildFile; fileRef = 706E4AEF2079442B0041CC71 /* ViewController.swift */; };
		706E4AF32079442B0041CC71 /* Main.storyboard in Resources */ = {isa = PBXBuildFile; fileRef = 706E4AF12079442B0041CC71 /* Main.storyboard */; };
		706E4AF52079442C0041CC71 /* Assets.xcassets in Resources */ = {isa = PBXBuildFile; fileRef = 706E4AF42079442C0041CC71 /* Assets.xcassets */; };
		706E4AF82079442C0041CC71 /* LaunchScreen.storyboard in Resources */ = {isa = PBXBuildFile; fileRef = 706E4AF62079442C0041CC71 /* LaunchScreen.storyboard */; };
		706E4B00207945A10041CC71 /* UIButtonExt.swift in Sources */ = {isa = PBXBuildFile; fileRef = 706E4AFF207945A10041CC71 /* UIButtonExt.swift */; };
		706E4B0220794AC90041CC71 /* UIColorExt.swift in Sources */ = {isa = PBXBuildFile; fileRef = 706E4B0120794AC90041CC71 /* UIColorExt.swift */; };
/* End PBXBuildFile section */

/* Begin PBXFileReference section */
		706E4AEA2079442B0041CC71 /* extension-button.app */ = {isa = PBXFileReference; explicitFileType = wrapper.application; includeInIndex = 0; path = "extension-button.app"; sourceTree = BUILT_PRODUCTS_DIR; };
		706E4AED2079442B0041CC71 /* AppDelegate.swift */ = {isa = PBXFileReference; lastKnownFileType = sourcecode.swift; path = AppDelegate.swift; sourceTree = "<group>"; };
		706E4AEF2079442B0041CC71 /* ViewController.swift */ = {isa = PBXFileReference; lastKnownFileType = sourcecode.swift; path = ViewController.swift; sourceTree = "<group>"; };
		706E4AF22079442B0041CC71 /* Base */ = {isa = PBXFileReference; lastKnownFileType = file.storyboard; name = Base; path = Base.lproj/Main.storyboard; sourceTree = "<group>"; };
		706E4AF42079442C0041CC71 /* Assets.xcassets */ = {isa = PBXFileReference; lastKnownFileType = folder.assetcatalog; path = Assets.xcassets; sourceTree = "<group>"; };
		706E4AF72079442C0041CC71 /* Base */ = {isa = PBXFileReference; lastKnownFileType = file.storyboard; name = Base; path = Base.lproj/LaunchScreen.storyboard; sourceTree = "<group>"; };
		706E4AF92079442C0041CC71 /* Info.plist */ = {isa = PBXFileReference; lastKnownFileType = text.plist.xml; path = Info.plist; sourceTree = "<group>"; };
		706E4AFF207945A10041CC71 /* UIButtonExt.swift */ = {isa = PBXFileReference; lastKnownFileType = sourcecode.swift; path = UIButtonExt.swift; sourceTree = "<group>"; };
		706E4B0120794AC90041CC71 /* UIColorExt.swift */ = {isa = PBXFileReference; lastKnownFileType = sourcecode.swift; path = UIColorExt.swift; sourceTree = "<group>"; };
/* End PBXFileReference section */

/* Begin PBXFrameworksBuildPhase section */
		706E4AE72079442B0041CC71 /* Frameworks */ = {
			isa = PBXFrameworksBuildPhase;
			buildActionMask = 2147483647;
			files = (
			);
			runOnlyForDeploymentPostprocessing = 0;
		};
/* End PBXFrameworksBuildPhase section */

/* Begin PBXGroup section */
		706E4AE12079442B0041CC71 = {
			isa = PBXGroup;
			children = (
				706E4AEC2079442B0041CC71 /* extension-button */,
				706E4AEB2079442B0041CC71 /* Products */,
			);
			sourceTree = "<group>";
		};
		706E4AEB2079442B0041CC71 /* Products */ = {
			isa = PBXGroup;
			children = (
				706E4AEA2079442B0041CC71 /* extension-button.app */,
			);
			name = Products;
			sourceTree = "<group>";
		};
		706E4AEC2079442B0041CC71 /* extension-button */ = {
			isa = PBXGroup;
			children = (
				706E4AED2079442B0041CC71 /* AppDelegate.swift */,
				706E4AEF2079442B0041CC71 /* ViewController.swift */,
				706E4AF12079442B0041CC71 /* Main.storyboard */,
				706E4AF42079442C0041CC71 /* Assets.xcassets */,
				706E4AF62079442C0041CC71 /* LaunchScreen.storyboard */,
				706E4AF92079442C0041CC71 /* Info.plist */,
				706E4AFF207945A10041CC71 /* UIButtonExt.swift */,
				706E4B0120794AC90041CC71 /* UIColorExt.swift */,
			);
			path = "extension-button";
			sourceTree = "<group>";
		};
/* End PBXGroup section */

/* Begin PBXNativeTarget section */
		706E4AE92079442B0041CC71 /* extension-button */ = {
			isa = PBXNativeTarget;
			buildConfigurationList = 706E4AFC2079442C0041CC71 /* Build configuration list for PBXNativeTarget "extension-button" */;
			buildPhases = (
				706E4AE62079442B0041CC71 /* Sources */,
				706E4AE72079442B0041CC71 /* Frameworks */,
				706E4AE82079442B0041CC71 /* Resources */,
			);
			buildRules = (
			);
			dependencies = (
			);
			name = "extension-button";
			productName = "extension-button";
			productReference = 706E4AEA2079442B0041CC71 /* extension-button.app */;
			productType = "com.apple.product-type.application";
		};
/* End PBXNativeTarget section */

/* Begin PBXProject section */
		706E4AE22079442B0041CC71 /* Project object */ = {
			isa = PBXProject;
			attributes = {
				LastSwiftUpdateCheck = 0930;
				LastUpgradeCheck = 0930;
				ORGANIZATIONNAME = "Anderson de Oliveira";
				TargetAttributes = {
					706E4AE92079442B0041CC71 = {
						CreatedOnToolsVersion = 9.3;
					};
				};
			};
			buildConfigurationList = 706E4AE52079442B0041CC71 /* Build configuration list for PBXProject "extension-button" */;
			compatibilityVersion = "Xcode 9.3";
			developmentRegion = en;
			hasScannedForEncodings = 0;
			knownRegions = (
				en,
				Base,
			);
			mainGroup = 706E4AE12079442B0041CC71;
			productRefGroup = 706E4AEB2079442B0041CC71 /* Products */;
			projectDirPath = "";
			projectRoot = "";
			targets = (
				706E4AE92079442B0041CC71 /* extension-button */,
			);
		};
/* End PBXProject section */

/* Begin PBXResourcesBuildPhase section */
		706E4AE82079442B0041CC71 /* Resources */ = {
			isa = PBXResourcesBuildPhase;
			buildActionMask = 2147483647;
			files = (
				706E4AF82079442C0041CC71 /* LaunchScreen.storyboard in Resources */,
				706E4AF52079442C0041CC71 /* Assets.xcassets in Resources */,
				706E4AF32079442B0041CC71 /* Main.storyboard in Resources */,
			);
			runOnlyForDeploymentPostprocessing = 0;
		};
/* End PBXResourcesBuildPhase section */

/* Begin PBXSourcesBuildPhase section */
		706E4AE62079442B0041CC71 /* Sources */ = {
			isa = PBXSourcesBuildPhase;
			buildActionMask = 2147483647;
			files = (
				706E4AF02079442B0041CC71 /* ViewController.swift in Sources */,
				706E4B0220794AC90041CC71 /* UIColorExt.swift in Sources */,
				706E4B00207945A10041CC71 /* UIButtonExt.swift in Sources */,
				706E4AEE2079442B0041CC71 /* AppDelegate.swift in Sources */,
			);
			runOnlyForDeploymentPostprocessing = 0;
		};
/* End PBXSourcesBuildPhase section */

/* Begin PBXVariantGroup section */
		706E4AF12079442B0041CC71 /* Main.storyboard */ = {
			isa = PBXVariantGroup;
			children = (
				706E4AF22079442B0041CC71 /* Base */,
			);
			name = Main.storyboard;
			sourceTree = "<group>";
		};
		706E4AF62079442C0041CC71 /* LaunchScreen.storyboard */ = {
			isa = PBXVariantGroup;
			children = (
				706E4AF72079442C0041CC71 /* Base */,
			);
			name = LaunchScreen.storyboard;
			sourceTree = "<group>";
		};
/* End PBXVariantGroup section */

/* Begin XCBuildConfiguration section */
		706E4AFA2079442C0041CC71 /* Debug */ = {
			isa = XCBuildConfiguration;
			buildSettings = {
				ALWAYS_SEARCH_USER_PATHS = NO;
				CLANG_ANALYZER_NONNULL = YES;
				CLANG_ANALYZER_NUMBER_OBJECT_CONVERSION = YES_AGGRESSIVE;
				CLANG_CXX_LANGUAGE_STANDARD = "gnu++14";
				CLANG_CXX_LIBRARY = "libc++";
				CLANG_ENABLE_MODULES = YES;
				CLANG_ENABLE_OBJC_ARC = YES;
				CLANG_ENABLE_OBJC_WEAK = YES;
				CLANG_WARN_BLOCK_CAPTURE_AUTORELEASING = YES;
				CLANG_WARN_BOOL_CONVERSION = YES;
				CLANG_WARN_COMMA = YES;
				CLANG_WARN_CONSTANT_CONVERSION = YES;
				CLANG_WARN_DEPRECATED_OBJC_IMPLEMENTATIONS = YES;
				CLANG_WARN_DIRECT_OBJC_ISA_USAGE = YES_ERROR;
				CLANG_WARN_DOCUMENTATION_COMMENTS = YES;
				CLANG_WARN_EMPTY_BODY = YES;
				CLANG_WARN_ENUM_CONVERSION = YES;
				CLANG_WARN_INFINITE_RECURSION = YES;
				CLANG_WARN_INT_CONVERSION = YES;
				CLANG_WARN_NON_LITERAL_NULL_CONVERSION = YES;
				CLANG_WARN_OBJC_IMPLICIT_RETAIN_SELF = YES;
				CLANG_WARN_OBJC_LITERAL_CONVERSION = YES;
				CLANG_WARN_OBJC_ROOT_CLASS = YES_ERROR;
				CLANG_WARN_RANGE_LOOP_ANALYSIS = YES;
				CLANG_WARN_STRICT_PROTOTYPES = YES;
				CLANG_WARN_SUSPICIOUS_MOVE = YES;
				CLANG_WARN_UNGUARDED_AVAILABILITY = YES_AGGRESSIVE;
				CLANG_WARN_UNREACHABLE_CODE = YES;
				CLANG_WARN__DUPLICATE_METHOD_MATCH = YES;
				CODE_SIGN_IDENTITY = "iPhone Developer";
				COPY_PHASE_STRIP = NO;
				DEBUG_INFORMATION_FORMAT = dwarf;
				ENABLE_STRICT_OBJC_MSGSEND = YES;
				ENABLE_TESTABILITY = YES;
				GCC_C_LANGUAGE_STANDARD = gnu11;
				GCC_DYNAMIC_NO_PIC = NO;
				GCC_NO_COMMON_BLOCKS = YES;
				GCC_OPTIMIZATION_LEVEL = 0;
				GCC_PREPROCESSOR_DEFINITIONS = (
					"DEBUG=1",
					"$(inherited)",
				);
				GCC_WARN_64_TO_32_BIT_CONVERSION = YES;
				GCC_WARN_ABOUT_RETURN_TYPE = YES_ERROR;
				GCC_WARN_UNDECLARED_SELECTOR = YES;
				GCC_WARN_UNINITIALIZED_AUTOS = YES_AGGRESSIVE;
				GCC_WARN_UNUSED_FUNCTION = YES;
				GCC_WARN_UNUSED_VARIABLE = YES;
				IPHONEOS_DEPLOYMENT_TARGET = 11.3;
				MTL_ENABLE_DEBUG_INFO = YES;
				ONLY_ACTIVE_ARCH = YES;
				SDKROOT = iphoneos;
				SWIFT_ACTIVE_COMPILATION_CONDITIONS = DEBUG;
				SWIFT_OPTIMIZATION_LEVEL = "-Onone";
			};
			name = Debug;
		};
		706E4AFB2079442C0041CC71 /* Release */ = {
			isa = XCBuildConfiguration;
			buildSettings = {
				ALWAYS_SEARCH_USER_PATHS = NO;
				CLANG_ANALYZER_NONNULL = YES;
				CLANG_ANALYZER_NUMBER_OBJECT_CONVERSION = YES_AGGRESSIVE;
				CLANG_CXX_LANGUAGE_STANDARD = "gnu++14";
				CLANG_CXX_LIBRARY = "libc++";
				CLANG_ENABLE_MODULES = YES;
				CLANG_ENABLE_OBJC_ARC = YES;
				CLANG_ENABLE_OBJC_WEAK = YES;
				CLANG_WARN_BLOCK_CAPTURE_AUTORELEASING = YES;
				CLANG_WARN_BOOL_CONVERSION = YES;
				CLANG_WARN_COMMA = YES;
				CLANG_WARN_CONSTANT_CONVERSION = YES;
				CLANG_WARN_DEPRECATED_OBJC_IMPLEMENTATIONS = YES;
				CLANG_WARN_DIRECT_OBJC_ISA_USAGE = YES_ERROR;
				CLANG_WARN_DOCUMENTATION_COMMENTS = YES;
				CLANG_WARN_EMPTY_BODY = YES;
				CLANG_WARN_ENUM_CONVERSION = YES;
				CLANG_WARN_INFINITE_RECURSION = YES;
				CLANG_WARN_INT_CONVERSION = YES;
				CLANG_WARN_NON_LITERAL_NULL_CONVERSION = YES;
				CLANG_WARN_OBJC_IMPLICIT_RETAIN_SELF = YES;
				CLANG_WARN_OBJC_LITERAL_CONVERSION = YES;
				CLANG_WARN_OBJC_ROOT_CLASS = YES_ERROR;
				CLANG_WARN_RANGE_LOOP_ANALYSIS = YES;
				CLANG_WARN_STRICT_PROTOTYPES = YES;
				CLANG_WARN_SUSPICIOUS_MOVE = YES;
				CLANG_WARN_UNGUARDED_AVAILABILITY = YES_AGGRESSIVE;
				CLANG_WARN_UNREACHABLE_CODE = YES;
				CLANG_WARN__DUPLICATE_METHOD_MATCH = YES;
				CODE_SIGN_IDENTITY = "iPhone Developer";
				COPY_PHASE_STRIP = NO;
				DEBUG_INFORMATION_FORMAT = "dwarf-with-dsym";
				ENABLE_NS_ASSERTIONS = NO;
				ENABLE_STRICT_OBJC_MSGSEND = YES;
				GCC_C_LANGUAGE_STANDARD = gnu11;
				GCC_NO_COMMON_BLOCKS = YES;
				GCC_WARN_64_TO_32_BIT_CONVERSION = YES;
				GCC_WARN_ABOUT_RETURN_TYPE = YES_ERROR;
				GCC_WARN_UNDECLARED_SELECTOR = YES;
				GCC_WARN_UNINITIALIZED_AUTOS = YES_AGGRESSIVE;
				GCC_WARN_UNUSED_FUNCTION = YES;
				GCC_WARN_UNUSED_VARIABLE = YES;
				IPHONEOS_DEPLOYMENT_TARGET = 11.3;
				MTL_ENABLE_DEBUG_INFO = NO;
				SDKROOT = iphoneos;
				SWIFT_COMPILATION_MODE = wholemodule;
				SWIFT_OPTIMIZATION_LEVEL = "-O";
				VALIDATE_PRODUCT = YES;
			};
			name = Release;
		};
		706E4AFD2079442C0041CC71 /* Debug */ = {
			isa = XCBuildConfiguration;
			buildSettings = {
				ASSETCATALOG_COMPILER_APPICON_NAME = AppIcon;
				CODE_SIGN_STYLE = Automatic;
				DEVELOPMENT_TEAM = 46FXKF7J59;
				INFOPLIST_FILE = "extension-button/Info.plist";
				LD_RUNPATH_SEARCH_PATHS = (
					"$(inherited)",
					"@executable_path/Frameworks",
				);
				PRODUCT_BUNDLE_IDENTIFIER = "com.andersonba.extension-button";
				PRODUCT_NAME = "$(TARGET_NAME)";
				SWIFT_VERSION = 4.0;
				TARGETED_DEVICE_FAMILY = "1,2";
			};
			name = Debug;
		};
		706E4AFE2079442C0041CC71 /* Release */ = {
			isa = XCBuildConfiguration;
			buildSettings = {
				ASSETCATALOG_COMPILER_APPICON_NAME = AppIcon;
				CODE_SIGN_STYLE = Automatic;
				DEVELOPMENT_TEAM = 46FXKF7J59;
				INFOPLIST_FILE = "extension-button/Info.plist";
				LD_RUNPATH_SEARCH_PATHS = (
					"$(inherited)",
					"@executable_path/Frameworks",
				);
				PRODUCT_BUNDLE_IDENTIFIER = "com.andersonba.extension-button";
				PRODUCT_NAME = "$(TARGET_NAME)";
				SWIFT_VERSION = 4.0;
				TARGETED_DEVICE_FAMILY = "1,2";
			};
			name = Release;
		};
/* End XCBuildConfiguration section */

/* Begin XCConfigurationList section */
		706E4AE52079442B0041CC71 /* Build configuration list for PBXProject "extension-button" */ = {
			isa = XCConfigurationList;
			buildConfigurations = (
				706E4AFA2079442C0041CC71 /* Debug */,
				706E4AFB2079442C0041CC71 /* Release */,
			);
			defaultConfigurationIsVisible = 0;
			defaultConfigurationName = Release;
		};
		706E4AFC2079442C0041CC71 /* Build configuration list for PBXNativeTarget "extension-button" */ = {
			isa = XCConfigurationList;
			buildConfigurations = (
				706E4AFD2079442C0041CC71 /* Debug */,
				706E4AFE2079442C0041CC71 /* Release */,
			);
			defaultConfigurationIsVisible = 0;
			defaultConfigurationName = Release;
		};
/* End XCConfigurationList section */
	};
	rootObject = 706E4AE22079442B0041CC71 /* Project object */;
}
