// !$*UTF8*$!
{
	archiveVersion = 1;
	classes = {
	};
	objectVersion = 50;
	objects = {

/* Begin PBXBuildFile section */
		703B7D6820771298002C741A /* AppDelegate.swift in Sources */ = {isa = PBXBuildFile; fileRef = 703B7D6720771298002C741A /* AppDelegate.swift */; };
		703B7D6A20771298002C741A /* ViewController.swift in Sources */ = {isa = PBXBuildFile; fileRef = 703B7D6920771298002C741A /* ViewController.swift */; };
		703B7D6D20771298002C741A /* Main.storyboard in Resources */ = {isa = PBXBuildFile; fileRef = 703B7D6B20771298002C741A /* Main.storyboard */; };
		703B7D6F2077129A002C741A /* Assets.xcassets in Resources */ = {isa = PBXBuildFile; fileRef = 703B7D6E2077129A002C741A /* Assets.xcassets */; };
		703B7D722077129A002C741A /* LaunchScreen.storyboard in Resources */ = {isa = PBXBuildFile; fileRef = 703B7D702077129A002C741A /* LaunchScreen.storyboard */; };
		703B7D7A2077139C002C741A /* hustle-on.wav in Resources */ = {isa = PBXBuildFile; fileRef = 703B7D792077139C002C741A /* hustle-on.wav */; };
/* End PBXBuildFile section */

/* Begin PBXFileReference section */
		703B7D6420771298002C741A /* hustle-mode.app */ = {isa = PBXFileReference; explicitFileType = wrapper.application; includeInIndex = 0; path = "hustle-mode.app"; sourceTree = BUILT_PRODUCTS_DIR; };
		703B7D6720771298002C741A /* AppDelegate.swift */ = {isa = PBXFileReference; lastKnownFileType = sourcecode.swift; path = AppDelegate.swift; sourceTree = "<group>"; };
		703B7D6920771298002C741A /* ViewController.swift */ = {isa = PBXFileReference; lastKnownFileType = sourcecode.swift; path = ViewController.swift; sourceTree = "<group>"; };
		703B7D6C20771298002C741A /* Base */ = {isa = PBXFileReference; lastKnownFileType = file.storyboard; name = Base; path = Base.lproj/Main.storyboard; sourceTree = "<group>"; };
		703B7D6E2077129A002C741A /* Assets.xcassets */ = {isa = PBXFileReference; lastKnownFileType = folder.assetcatalog; path = Assets.xcassets; sourceTree = "<group>"; };
		703B7D712077129A002C741A /* Base */ = {isa = PBXFileReference; lastKnownFileType = file.storyboard; name = Base; path = Base.lproj/LaunchScreen.storyboard; sourceTree = "<group>"; };
		703B7D732077129A002C741A /* Info.plist */ = {isa = PBXFileReference; lastKnownFileType = text.plist.xml; path = Info.plist; sourceTree = "<group>"; };
		703B7D792077139C002C741A /* hustle-on.wav */ = {isa = PBXFileReference; lastKnownFileType = audio.wav; path = "hustle-on.wav"; sourceTree = "<group>"; };
/* End PBXFileReference section */

/* Begin PBXFrameworksBuildPhase section */
		703B7D6120771298002C741A /* Frameworks */ = {
			isa = PBXFrameworksBuildPhase;
			buildActionMask = 2147483647;
			files = (
			);
			runOnlyForDeploymentPostprocessing = 0;
		};
/* End PBXFrameworksBuildPhase section */

/* Begin PBXGroup section */
		703B7D5B20771298002C741A = {
			isa = PBXGroup;
			children = (
				703B7D6620771298002C741A /* hustle-mode */,
				703B7D6520771298002C741A /* Products */,
			);
			sourceTree = "<group>";
		};
		703B7D6520771298002C741A /* Products */ = {
			isa = PBXGroup;
			children = (
				703B7D6420771298002C741A /* hustle-mode.app */,
			);
			name = Products;
			sourceTree = "<group>";
		};
		703B7D6620771298002C741A /* hustle-mode */ = {
			isa = PBXGroup;
			children = (
				703B7D792077139C002C741A /* hustle-on.wav */,
				703B7D6720771298002C741A /* AppDelegate.swift */,
				703B7D6920771298002C741A /* ViewController.swift */,
				703B7D6B20771298002C741A /* Main.storyboard */,
				703B7D6E2077129A002C741A /* Assets.xcassets */,
				703B7D702077129A002C741A /* LaunchScreen.storyboard */,
				703B7D732077129A002C741A /* Info.plist */,
			);
			path = "hustle-mode";
			sourceTree = "<group>";
		};
/* End PBXGroup section */

/* Begin PBXNativeTarget section */
		703B7D6320771298002C741A /* hustle-mode */ = {
			isa = PBXNativeTarget;
			buildConfigurationList = 703B7D762077129A002C741A /* Build configuration list for PBXNativeTarget "hustle-mode" */;
			buildPhases = (
				703B7D6020771298002C741A /* Sources */,
				703B7D6120771298002C741A /* Frameworks */,
				703B7D6220771298002C741A /* Resources */,
			);
			buildRules = (
			);
			dependencies = (
			);
			name = "hustle-mode";
			productName = "hustle-mode";
			productReference = 703B7D6420771298002C741A /* hustle-mode.app */;
			productType = "com.apple.product-type.application";
		};
/* End PBXNativeTarget section */

/* Begin PBXProject section */
		703B7D5C20771298002C741A /* Project object */ = {
			isa = PBXProject;
			attributes = {
				LastSwiftUpdateCheck = 0930;
				LastUpgradeCheck = 0930;
				ORGANIZATIONNAME = "Anderson de Oliveira";
				TargetAttributes = {
					703B7D6320771298002C741A = {
						CreatedOnToolsVersion = 9.3;
					};
				};
			};
			buildConfigurationList = 703B7D5F20771298002C741A /* Build configuration list for PBXProject "hustle-mode" */;
			compatibilityVersion = "Xcode 9.3";
			developmentRegion = en;
			hasScannedForEncodings = 0;
			knownRegions = (
				en,
				Base,
			);
			mainGroup = 703B7D5B20771298002C741A;
			productRefGroup = 703B7D6520771298002C741A /* Products */;
			projectDirPath = "";
			projectRoot = "";
			targets = (
				703B7D6320771298002C741A /* hustle-mode */,
			);
		};
/* End PBXProject section */

/* Begin PBXResourcesBuildPhase section */
		703B7D6220771298002C741A /* Resources */ = {
			isa = PBXResourcesBuildPhase;
			buildActionMask = 2147483647;
			files = (
				703B7D7A2077139C002C741A /* hustle-on.wav in Resources */,
				703B7D722077129A002C741A /* LaunchScreen.storyboard in Resources */,
				703B7D6F2077129A002C741A /* Assets.xcassets in Resources */,
				703B7D6D20771298002C741A /* Main.storyboard in Resources */,
			);
			runOnlyForDeploymentPostprocessing = 0;
		};
/* End PBXResourcesBuildPhase section */

/* Begin PBXSourcesBuildPhase section */
		703B7D6020771298002C741A /* Sources */ = {
			isa = PBXSourcesBuildPhase;
			buildActionMask = 2147483647;
			files = (
				703B7D6A20771298002C741A /* ViewController.swift in Sources */,
				703B7D6820771298002C741A /* AppDelegate.swift in Sources */,
			);
			runOnlyForDeploymentPostprocessing = 0;
		};
/* End PBXSourcesBuildPhase section */

/* Begin PBXVariantGroup section */
		703B7D6B20771298002C741A /* Main.storyboard */ = {
			isa = PBXVariantGroup;
			children = (
				703B7D6C20771298002C741A /* Base */,
			);
			name = Main.storyboard;
			sourceTree = "<group>";
		};
		703B7D702077129A002C741A /* LaunchScreen.storyboard */ = {
			isa = PBXVariantGroup;
			children = (
				703B7D712077129A002C741A /* Base */,
			);
			name = LaunchScreen.storyboard;
			sourceTree = "<group>";
		};
/* End PBXVariantGroup section */

/* Begin XCBuildConfiguration section */
		703B7D742077129A002C741A /* Debug */ = {
			isa = XCBuildConfiguration;
			buildSettings = {
				ALWAYS_SEARCH_USER_PATHS = NO;
				CLANG_ANALYZER_NONNULL = YES;
				CLANG_ANALYZER_NUMBER_OBJECT_CONVERSION = YES_AGGRESSIVE;
				CLANG_CXX_LANGUAGE_STANDARD = "gnu++14";
				CLANG_CXX_LIBRARY = "libc++";
				CLANG_ENABLE_MODULES = YES;
				CLANG_ENABLE_OBJC_ARC = YES;
				CLANG_ENABLE_OBJC_WEAK = YES;
				CLANG_WARN_BLOCK_CAPTURE_AUTORELEASING = YES;
				CLANG_WARN_BOOL_CONVERSION = YES;
				CLANG_WARN_COMMA = YES;
				CLANG_WARN_CONSTANT_CONVERSION = YES;
				CLANG_WARN_DEPRECATED_OBJC_IMPLEMENTATIONS = YES;
				CLANG_WARN_DIRECT_OBJC_ISA_USAGE = YES_ERROR;
				CLANG_WARN_DOCUMENTATION_COMMENTS = YES;
				CLANG_WARN_EMPTY_BODY = YES;
				CLANG_WARN_ENUM_CONVERSION = YES;
				CLANG_WARN_INFINITE_RECURSION = YES;
				CLANG_WARN_INT_CONVERSION = YES;
				CLANG_WARN_NON_LITERAL_NULL_CONVERSION = YES;
				CLANG_WARN_OBJC_IMPLICIT_RETAIN_SELF = YES;
				CLANG_WARN_OBJC_LITERAL_CONVERSION = YES;
				CLANG_WARN_OBJC_ROOT_CLASS = YES_ERROR;
				CLANG_WARN_RANGE_LOOP_ANALYSIS = YES;
				CLANG_WARN_STRICT_PROTOTYPES = YES;
				CLANG_WARN_SUSPICIOUS_MOVE = YES;
				CLANG_WARN_UNGUARDED_AVAILABILITY = YES_AGGRESSIVE;
				CLANG_WARN_UNREACHABLE_CODE = YES;
				CLANG_WARN__DUPLICATE_METHOD_MATCH = YES;
				CODE_SIGN_IDENTITY = "iPhone Developer";
				COPY_PHASE_STRIP = NO;
				DEBUG_INFORMATION_FORMAT = dwarf;
				ENABLE_STRICT_OBJC_MSGSEND = YES;
				ENABLE_TESTABILITY = YES;
				GCC_C_LANGUAGE_STANDARD = gnu11;
				GCC_DYNAMIC_NO_PIC = NO;
				GCC_NO_COMMON_BLOCKS = YES;
				GCC_OPTIMIZATION_LEVEL = 0;
				GCC_PREPROCESSOR_DEFINITIONS = (
					"DEBUG=1",
					"$(inherited)",
				);
				GCC_WARN_64_TO_32_BIT_CONVERSION = YES;
				GCC_WARN_ABOUT_RETURN_TYPE = YES_ERROR;
				GCC_WARN_UNDECLARED_SELECTOR = YES;
				GCC_WARN_UNINITIALIZED_AUTOS = YES_AGGRESSIVE;
				GCC_WARN_UNUSED_FUNCTION = YES;
				GCC_WARN_UNUSED_VARIABLE = YES;
				IPHONEOS_DEPLOYMENT_TARGET = 11.3;
				MTL_ENABLE_DEBUG_INFO = YES;
				ONLY_ACTIVE_ARCH = YES;
				SDKROOT = iphoneos;
				SWIFT_ACTIVE_COMPILATION_CONDITIONS = DEBUG;
				SWIFT_OPTIMIZATION_LEVEL = "-Onone";
			};
			name = Debug;
		};
		703B7D752077129A002C741A /* Release */ = {
			isa = XCBuildConfiguration;
			buildSettings = {
				ALWAYS_SEARCH_USER_PATHS = NO;
				CLANG_ANALYZER_NONNULL = YES;
				CLANG_ANALYZER_NUMBER_OBJECT_CONVERSION = YES_AGGRESSIVE;
				CLANG_CXX_LANGUAGE_STANDARD = "gnu++14";
				CLANG_CXX_LIBRARY = "libc++";
				CLANG_ENABLE_MODULES = YES;
				CLANG_ENABLE_OBJC_ARC = YES;
				CLANG_ENABLE_OBJC_WEAK = YES;
				CLANG_WARN_BLOCK_CAPTURE_AUTORELEASING = YES;
				CLANG_WARN_BOOL_CONVERSION = YES;
				CLANG_WARN_COMMA = YES;
				CLANG_WARN_CONSTANT_CONVERSION = YES;
				CLANG_WARN_DEPRECATED_OBJC_IMPLEMENTATIONS = YES;
				CLANG_WARN_DIRECT_OBJC_ISA_USAGE = YES_ERROR;
				CLANG_WARN_DOCUMENTATION_COMMENTS = YES;
				CLANG_WARN_EMPTY_BODY = YES;
				CLANG_WARN_ENUM_CONVERSION = YES;
				CLANG_WARN_INFINITE_RECURSION = YES;
				CLANG_WARN_INT_CONVERSION = YES;
				CLANG_WARN_NON_LITERAL_NULL_CONVERSION = YES;
				CLANG_WARN_OBJC_IMPLICIT_RETAIN_SELF = YES;
				CLANG_WARN_OBJC_LITERAL_CONVERSION = YES;
				CLANG_WARN_OBJC_ROOT_CLASS = YES_ERROR;
				CLANG_WARN_RANGE_LOOP_ANALYSIS = YES;
				CLANG_WARN_STRICT_PROTOTYPES = YES;
				CLANG_WARN_SUSPICIOUS_MOVE = YES;
				CLANG_WARN_UNGUARDED_AVAILABILITY = YES_AGGRESSIVE;
				CLANG_WARN_UNREACHABLE_CODE = YES;
				CLANG_WARN__DUPLICATE_METHOD_MATCH = YES;
				CODE_SIGN_IDENTITY = "iPhone Developer";
				COPY_PHASE_STRIP = NO;
				DEBUG_INFORMATION_FORMAT = "dwarf-with-dsym";
				ENABLE_NS_ASSERTIONS = NO;
				ENABLE_STRICT_OBJC_MSGSEND = YES;
				GCC_C_LANGUAGE_STANDARD = gnu11;
				GCC_NO_COMMON_BLOCKS = YES;
				GCC_WARN_64_TO_32_BIT_CONVERSION = YES;
				GCC_WARN_ABOUT_RETURN_TYPE = YES_ERROR;
				GCC_WARN_UNDECLARED_SELECTOR = YES;
				GCC_WARN_UNINITIALIZED_AUTOS = YES_AGGRESSIVE;
				GCC_WARN_UNUSED_FUNCTION = YES;
				GCC_WARN_UNUSED_VARIABLE = YES;
				IPHONEOS_DEPLOYMENT_TARGET = 11.3;
				MTL_ENABLE_DEBUG_INFO = NO;
				SDKROOT = iphoneos;
				SWIFT_COMPILATION_MODE = wholemodule;
				SWIFT_OPTIMIZATION_LEVEL = "-O";
				VALIDATE_PRODUCT = YES;
			};
			name = Release;
		};
		703B7D772077129A002C741A /* Debug */ = {
			isa = XCBuildConfiguration;
			buildSettings = {
				ASSETCATALOG_COMPILER_APPICON_NAME = AppIcon;
				CODE_SIGN_STYLE = Automatic;
				DEVELOPMENT_TEAM = 46FXKF7J59;
				INFOPLIST_FILE = "hustle-mode/Info.plist";
				LD_RUNPATH_SEARCH_PATHS = (
					"$(inherited)",
					"@executable_path/Frameworks",
				);
				PRODUCT_BUNDLE_IDENTIFIER = "com.andersonba.hustle-mode";
				PRODUCT_NAME = "$(TARGET_NAME)";
				SWIFT_VERSION = 4.0;
				TARGETED_DEVICE_FAMILY = "1,2";
			};
			name = Debug;
		};
		703B7D782077129A002C741A /* Release */ = {
			isa = XCBuildConfiguration;
			buildSettings = {
				ASSETCATALOG_COMPILER_APPICON_NAME = AppIcon;
				CODE_SIGN_STYLE = Automatic;
				DEVELOPMENT_TEAM = 46FXKF7J59;
				INFOPLIST_FILE = "hustle-mode/Info.plist";
				LD_RUNPATH_SEARCH_PATHS = (
					"$(inherited)",
					"@executable_path/Frameworks",
				);
				PRODUCT_BUNDLE_IDENTIFIER = "com.andersonba.hustle-mode";
				PRODUCT_NAME = "$(TARGET_NAME)";
				SWIFT_VERSION = 4.0;
				TARGETED_DEVICE_FAMILY = "1,2";
			};
			name = Release;
		};
/* End XCBuildConfiguration section */

/* Begin XCConfigurationList section */
		703B7D5F20771298002C741A /* Build configuration list for PBXProject "hustle-mode" */ = {
			isa = XCConfigurationList;
			buildConfigurations = (
				703B7D742077129A002C741A /* Debug */,
				703B7D752077129A002C741A /* Release */,
			);
			defaultConfigurationIsVisible = 0;
			defaultConfigurationName = Release;
		};
		703B7D762077129A002C741A /* Build configuration list for PBXNativeTarget "hustle-mode" */ = {
			isa = XCConfigurationList;
			buildConfigurations = (
				703B7D772077129A002C741A /* Debug */,
				703B7D782077129A002C741A /* Release */,
			);
			defaultConfigurationIsVisible = 0;
			defaultConfigurationName = Release;
		};
/* End XCConfigurationList section */
	};
	rootObject = 703B7D5C20771298002C741A /* Project object */;
}
